// !$*UTF8*$!
{
	archiveVersion = 1;
	classes = {
	};
	objectVersion = 51;
	objects = {

/* Begin PBXBuildFile section */
		3E542C212722FC7A0000D137 /* FontExtension.swift in Sources */ = {isa = PBXBuildFile; fileRef = 3E542C202722FC7A0000D137 /* FontExtension.swift */; };
		3E542C222722FEDB0000D137 /* Carattere-Regular.ttf in Resources */ = {isa = PBXBuildFile; fileRef = 3E542C1F2722FB950000D137 /* Carattere-Regular.ttf */; };
		3E66E09F26D69036009C22A7 /* CoverlayCameraContainerModuleAssembly.swift in Sources */ = {isa = PBXBuildFile; fileRef = 3E66E09026D69036009C22A7 /* CoverlayCameraContainerModuleAssembly.swift */; };
		3E66E0A026D69036009C22A7 /* CoverlayCameraContainerModuleInput.swift in Sources */ = {isa = PBXBuildFile; fileRef = 3E66E09226D69036009C22A7 /* CoverlayCameraContainerModuleInput.swift */; };
		3E66E0A126D69036009C22A7 /* CoverlayCameraContainerPresenter.swift in Sources */ = {isa = PBXBuildFile; fileRef = 3E66E09326D69036009C22A7 /* CoverlayCameraContainerPresenter.swift */; };
		3E66E0A226D69036009C22A7 /* CoverlayCameraContainerViewOutput.swift in Sources */ = {isa = PBXBuildFile; fileRef = 3E66E09526D69036009C22A7 /* CoverlayCameraContainerViewOutput.swift */; };
		3E66E0A326D69036009C22A7 /* CoverlayCameraContainerViewController.swift in Sources */ = {isa = PBXBuildFile; fileRef = 3E66E09626D69036009C22A7 /* CoverlayCameraContainerViewController.swift */; };
		3E66E0A426D69036009C22A7 /* CoverlayCameraContainerViewInput.swift in Sources */ = {isa = PBXBuildFile; fileRef = 3E66E09726D69036009C22A7 /* CoverlayCameraContainerViewInput.swift */; };
		3E66E0A526D69036009C22A7 /* CoverlayCameraContainerInteractor.swift in Sources */ = {isa = PBXBuildFile; fileRef = 3E66E09926D69036009C22A7 /* CoverlayCameraContainerInteractor.swift */; };
		3E66E0A626D69036009C22A7 /* CoverlayCameraContainerInteractorOutput.swift in Sources */ = {isa = PBXBuildFile; fileRef = 3E66E09A26D69036009C22A7 /* CoverlayCameraContainerInteractorOutput.swift */; };
		3E66E0A726D69036009C22A7 /* CoverlayCameraContainerInteractorInput.swift in Sources */ = {isa = PBXBuildFile; fileRef = 3E66E09B26D69036009C22A7 /* CoverlayCameraContainerInteractorInput.swift */; };
		3E66E0A826D69036009C22A7 /* CoverlayCameraContainerRouterImplementation.swift in Sources */ = {isa = PBXBuildFile; fileRef = 3E66E09D26D69036009C22A7 /* CoverlayCameraContainerRouterImplementation.swift */; };
		3E66E0A926D69036009C22A7 /* CoverlayCameraContainerRouter.swift in Sources */ = {isa = PBXBuildFile; fileRef = 3E66E09E26D69036009C22A7 /* CoverlayCameraContainerRouter.swift */; };
		3E66E0AB26D69267009C22A7 /* ContainerViewEmbedSegue.swift in Sources */ = {isa = PBXBuildFile; fileRef = 3E66E0AA26D69267009C22A7 /* ContainerViewEmbedSegue.swift */; };
		3E6EAD1B26D9541100DB587B /* ImageExtension.swift in Sources */ = {isa = PBXBuildFile; fileRef = 3E6EAD1A26D9541000DB587B /* ImageExtension.swift */; };
		3E6EAD1D26D95E1E00DB587B /* UIViewExtension.swift in Sources */ = {isa = PBXBuildFile; fileRef = 3E6EAD1C26D95E1E00DB587B /* UIViewExtension.swift */; };
		3E6EAD1F26D95E5800DB587B /* NSObjectExtension.swift in Sources */ = {isa = PBXBuildFile; fileRef = 3E6EAD1E26D95E5800DB587B /* NSObjectExtension.swift */; };
		3E780AEF26B4225A00F31D17 /* MainScreenModuleAssembly.swift in Sources */ = {isa = PBXBuildFile; fileRef = 3E780AEE26B4225A00F31D17 /* MainScreenModuleAssembly.swift */; };
		3E780AF126B4226600F31D17 /* MainScreenViewController.swift in Sources */ = {isa = PBXBuildFile; fileRef = 3E780AF026B4226600F31D17 /* MainScreenViewController.swift */; };
		3E780AF326B4226D00F31D17 /* MainScreenViewInput.swift in Sources */ = {isa = PBXBuildFile; fileRef = 3E780AF226B4226D00F31D17 /* MainScreenViewInput.swift */; };
		3E780AF526B4227700F31D17 /* MainScreenViewOutput.swift in Sources */ = {isa = PBXBuildFile; fileRef = 3E780AF426B4227700F31D17 /* MainScreenViewOutput.swift */; };
		3E780AF726B4228300F31D17 /* MainScreenPresenter.swift in Sources */ = {isa = PBXBuildFile; fileRef = 3E780AF626B4228300F31D17 /* MainScreenPresenter.swift */; };
		3E780AF926B4228C00F31D17 /* MainScreenInteractor.swift in Sources */ = {isa = PBXBuildFile; fileRef = 3E780AF826B4228C00F31D17 /* MainScreenInteractor.swift */; };
		3E780AFB26B4229500F31D17 /* MainScreenInteractorInput.swift in Sources */ = {isa = PBXBuildFile; fileRef = 3E780AFA26B4229500F31D17 /* MainScreenInteractorInput.swift */; };
		3E780AFD26B4229E00F31D17 /* MainScreenInteractorOutput.swift in Sources */ = {isa = PBXBuildFile; fileRef = 3E780AFC26B4229E00F31D17 /* MainScreenInteractorOutput.swift */; };
		3E780AFF26B422AD00F31D17 /* MainScreenRouter.swift in Sources */ = {isa = PBXBuildFile; fileRef = 3E780AFE26B422AD00F31D17 /* MainScreenRouter.swift */; };
		3E780B0126B422B700F31D17 /* MainScreenRouterImplementation.swift in Sources */ = {isa = PBXBuildFile; fileRef = 3E780B0026B422B700F31D17 /* MainScreenRouterImplementation.swift */; };
		3E780B0326B430A600F31D17 /* MainModuleStoryboardConstants.swift in Sources */ = {isa = PBXBuildFile; fileRef = 3E780B0226B430A600F31D17 /* MainModuleStoryboardConstants.swift */; };
		3E780B0826B4517B00F31D17 /* ColorExtension.swift in Sources */ = {isa = PBXBuildFile; fileRef = 3E780B0726B4517B00F31D17 /* ColorExtension.swift */; };
		3E780B0B26B4540100F31D17 /* NeumorphicCircleButton.swift in Sources */ = {isa = PBXBuildFile; fileRef = 3E780B0A26B4540100F31D17 /* NeumorphicCircleButton.swift */; };
		3EA8D7D826AB203600AD50FF /* AppDelegate.swift in Sources */ = {isa = PBXBuildFile; fileRef = 3EA8D7D726AB203600AD50FF /* AppDelegate.swift */; };
		3EA8D7DA26AB203600AD50FF /* SceneDelegate.swift in Sources */ = {isa = PBXBuildFile; fileRef = 3EA8D7D926AB203600AD50FF /* SceneDelegate.swift */; };
		3EA8D7DF26AB203600AD50FF /* CoverlayCamera.storyboard in Resources */ = {isa = PBXBuildFile; fileRef = 3EA8D7DD26AB203600AD50FF /* CoverlayCamera.storyboard */; };
		3EA8D7E126AB204000AD50FF /* Assets.xcassets in Resources */ = {isa = PBXBuildFile; fileRef = 3EA8D7E026AB204000AD50FF /* Assets.xcassets */; };
		3EA8D7E426AB204000AD50FF /* LaunchScreen.storyboard in Resources */ = {isa = PBXBuildFile; fileRef = 3EA8D7E226AB204000AD50FF /* LaunchScreen.storyboard */; };
		9AB0EF0E7E78C804538AC5C8 /* Pods_Coverlay.framework in Frameworks */ = {isa = PBXBuildFile; fileRef = 572F1F2E55C62D3F6F0DCBEB /* Pods_Coverlay.framework */; };
/* End PBXBuildFile section */

/* Begin PBXFileReference section */
		3E542C1F2722FB950000D137 /* Carattere-Regular.ttf */ = {isa = PBXFileReference; lastKnownFileType = file; path = "Carattere-Regular.ttf"; sourceTree = "<group>"; };
		3E542C202722FC7A0000D137 /* FontExtension.swift */ = {isa = PBXFileReference; lastKnownFileType = sourcecode.swift; path = FontExtension.swift; sourceTree = "<group>"; };
		3E66E09026D69036009C22A7 /* CoverlayCameraContainerModuleAssembly.swift */ = {isa = PBXFileReference; fileEncoding = 4; lastKnownFileType = sourcecode.swift; path = CoverlayCameraContainerModuleAssembly.swift; sourceTree = "<group>"; };
		3E66E09226D69036009C22A7 /* CoverlayCameraContainerModuleInput.swift */ = {isa = PBXFileReference; fileEncoding = 4; lastKnownFileType = sourcecode.swift; path = CoverlayCameraContainerModuleInput.swift; sourceTree = "<group>"; };
		3E66E09326D69036009C22A7 /* CoverlayCameraContainerPresenter.swift */ = {isa = PBXFileReference; fileEncoding = 4; lastKnownFileType = sourcecode.swift; path = CoverlayCameraContainerPresenter.swift; sourceTree = "<group>"; };
		3E66E09526D69036009C22A7 /* CoverlayCameraContainerViewOutput.swift */ = {isa = PBXFileReference; fileEncoding = 4; lastKnownFileType = sourcecode.swift; path = CoverlayCameraContainerViewOutput.swift; sourceTree = "<group>"; };
		3E66E09626D69036009C22A7 /* CoverlayCameraContainerViewController.swift */ = {isa = PBXFileReference; fileEncoding = 4; lastKnownFileType = sourcecode.swift; path = CoverlayCameraContainerViewController.swift; sourceTree = "<group>"; };
		3E66E09726D69036009C22A7 /* CoverlayCameraContainerViewInput.swift */ = {isa = PBXFileReference; fileEncoding = 4; lastKnownFileType = sourcecode.swift; path = CoverlayCameraContainerViewInput.swift; sourceTree = "<group>"; };
		3E66E09926D69036009C22A7 /* CoverlayCameraContainerInteractor.swift */ = {isa = PBXFileReference; fileEncoding = 4; lastKnownFileType = sourcecode.swift; path = CoverlayCameraContainerInteractor.swift; sourceTree = "<group>"; };
		3E66E09A26D69036009C22A7 /* CoverlayCameraContainerInteractorOutput.swift */ = {isa = PBXFileReference; fileEncoding = 4; lastKnownFileType = sourcecode.swift; path = CoverlayCameraContainerInteractorOutput.swift; sourceTree = "<group>"; };
		3E66E09B26D69036009C22A7 /* CoverlayCameraContainerInteractorInput.swift */ = {isa = PBXFileReference; fileEncoding = 4; lastKnownFileType = sourcecode.swift; path = CoverlayCameraContainerInteractorInput.swift; sourceTree = "<group>"; };
		3E66E09D26D69036009C22A7 /* CoverlayCameraContainerRouterImplementation.swift */ = {isa = PBXFileReference; fileEncoding = 4; lastKnownFileType = sourcecode.swift; path = CoverlayCameraContainerRouterImplementation.swift; sourceTree = "<group>"; };
		3E66E09E26D69036009C22A7 /* CoverlayCameraContainerRouter.swift */ = {isa = PBXFileReference; fileEncoding = 4; lastKnownFileType = sourcecode.swift; path = CoverlayCameraContainerRouter.swift; sourceTree = "<group>"; };
		3E66E0AA26D69267009C22A7 /* ContainerViewEmbedSegue.swift */ = {isa = PBXFileReference; lastKnownFileType = sourcecode.swift; path = ContainerViewEmbedSegue.swift; sourceTree = "<group>"; };
		3E6EAD1A26D9541000DB587B /* ImageExtension.swift */ = {isa = PBXFileReference; lastKnownFileType = sourcecode.swift; path = ImageExtension.swift; sourceTree = "<group>"; };
		3E6EAD1C26D95E1E00DB587B /* UIViewExtension.swift */ = {isa = PBXFileReference; lastKnownFileType = sourcecode.swift; path = UIViewExtension.swift; sourceTree = "<group>"; };
		3E6EAD1E26D95E5800DB587B /* NSObjectExtension.swift */ = {isa = PBXFileReference; lastKnownFileType = sourcecode.swift; path = NSObjectExtension.swift; sourceTree = "<group>"; };
		3E780AEE26B4225A00F31D17 /* MainScreenModuleAssembly.swift */ = {isa = PBXFileReference; lastKnownFileType = sourcecode.swift; path = MainScreenModuleAssembly.swift; sourceTree = "<group>"; };
		3E780AF026B4226600F31D17 /* MainScreenViewController.swift */ = {isa = PBXFileReference; lastKnownFileType = sourcecode.swift; path = MainScreenViewController.swift; sourceTree = "<group>"; };
		3E780AF226B4226D00F31D17 /* MainScreenViewInput.swift */ = {isa = PBXFileReference; lastKnownFileType = sourcecode.swift; path = MainScreenViewInput.swift; sourceTree = "<group>"; };
		3E780AF426B4227700F31D17 /* MainScreenViewOutput.swift */ = {isa = PBXFileReference; lastKnownFileType = sourcecode.swift; path = MainScreenViewOutput.swift; sourceTree = "<group>"; };
		3E780AF626B4228300F31D17 /* MainScreenPresenter.swift */ = {isa = PBXFileReference; lastKnownFileType = sourcecode.swift; path = MainScreenPresenter.swift; sourceTree = "<group>"; };
		3E780AF826B4228C00F31D17 /* MainScreenInteractor.swift */ = {isa = PBXFileReference; lastKnownFileType = sourcecode.swift; path = MainScreenInteractor.swift; sourceTree = "<group>"; };
		3E780AFA26B4229500F31D17 /* MainScreenInteractorInput.swift */ = {isa = PBXFileReference; lastKnownFileType = sourcecode.swift; path = MainScreenInteractorInput.swift; sourceTree = "<group>"; };
		3E780AFC26B4229E00F31D17 /* MainScreenInteractorOutput.swift */ = {isa = PBXFileReference; lastKnownFileType = sourcecode.swift; path = MainScreenInteractorOutput.swift; sourceTree = "<group>"; };
		3E780AFE26B422AD00F31D17 /* MainScreenRouter.swift */ = {isa = PBXFileReference; lastKnownFileType = sourcecode.swift; path = MainScreenRouter.swift; sourceTree = "<group>"; };
		3E780B0026B422B700F31D17 /* MainScreenRouterImplementation.swift */ = {isa = PBXFileReference; lastKnownFileType = sourcecode.swift; path = MainScreenRouterImplementation.swift; sourceTree = "<group>"; };
		3E780B0226B430A600F31D17 /* MainModuleStoryboardConstants.swift */ = {isa = PBXFileReference; lastKnownFileType = sourcecode.swift; path = MainModuleStoryboardConstants.swift; sourceTree = "<group>"; };
		3E780B0726B4517B00F31D17 /* ColorExtension.swift */ = {isa = PBXFileReference; lastKnownFileType = sourcecode.swift; path = ColorExtension.swift; sourceTree = "<group>"; };
		3E780B0A26B4540100F31D17 /* NeumorphicCircleButton.swift */ = {isa = PBXFileReference; lastKnownFileType = sourcecode.swift; path = NeumorphicCircleButton.swift; sourceTree = "<group>"; };
		3EA8D7D426AB203600AD50FF /* Coverlay.app */ = {isa = PBXFileReference; explicitFileType = wrapper.application; includeInIndex = 0; path = Coverlay.app; sourceTree = BUILT_PRODUCTS_DIR; };
		3EA8D7D726AB203600AD50FF /* AppDelegate.swift */ = {isa = PBXFileReference; lastKnownFileType = sourcecode.swift; path = AppDelegate.swift; sourceTree = "<group>"; };
		3EA8D7D926AB203600AD50FF /* SceneDelegate.swift */ = {isa = PBXFileReference; lastKnownFileType = sourcecode.swift; path = SceneDelegate.swift; sourceTree = "<group>"; };
		3EA8D7DE26AB203600AD50FF /* Base */ = {isa = PBXFileReference; lastKnownFileType = file.storyboard; name = Base; path = Base.lproj/CoverlayCamera.storyboard; sourceTree = "<group>"; };
		3EA8D7E026AB204000AD50FF /* Assets.xcassets */ = {isa = PBXFileReference; lastKnownFileType = folder.assetcatalog; path = Assets.xcassets; sourceTree = "<group>"; };
		3EA8D7E326AB204000AD50FF /* Base */ = {isa = PBXFileReference; lastKnownFileType = file.storyboard; name = Base; path = Base.lproj/LaunchScreen.storyboard; sourceTree = "<group>"; };
		572F1F2E55C62D3F6F0DCBEB /* Pods_Coverlay.framework */ = {isa = PBXFileReference; explicitFileType = wrapper.framework; includeInIndex = 0; path = Pods_Coverlay.framework; sourceTree = BUILT_PRODUCTS_DIR; };
		5EE3D04F99E7D5046A9BD4EA /* Pods-Coverlay.debug.xcconfig */ = {isa = PBXFileReference; includeInIndex = 1; lastKnownFileType = text.xcconfig; name = "Pods-Coverlay.debug.xcconfig"; path = "Target Support Files/Pods-Coverlay/Pods-Coverlay.debug.xcconfig"; sourceTree = "<group>"; };
		A22A36249540FE738775BC91 /* Pods-Coverlay.release.xcconfig */ = {isa = PBXFileReference; includeInIndex = 1; lastKnownFileType = text.xcconfig; name = "Pods-Coverlay.release.xcconfig"; path = "Target Support Files/Pods-Coverlay/Pods-Coverlay.release.xcconfig"; sourceTree = "<group>"; };
/* End PBXFileReference section */

/* Begin PBXFrameworksBuildPhase section */
		3EA8D7D126AB203600AD50FF /* Frameworks */ = {
			isa = PBXFrameworksBuildPhase;
			buildActionMask = 2147483647;
			files = (
				9AB0EF0E7E78C804538AC5C8 /* Pods_Coverlay.framework in Frameworks */,
			);
			runOnlyForDeploymentPostprocessing = 0;
		};
/* End PBXFrameworksBuildPhase section */

/* Begin PBXGroup section */
		3E66E08E26D69036009C22A7 /* CoverlayCameraContainter */ = {
			isa = PBXGroup;
			children = (
				3E66E08F26D69036009C22A7 /* Assembly */,
				3E66E09426D69036009C22A7 /* View */,
				3E66E09126D69036009C22A7 /* Presenter */,
				3E66E09826D69036009C22A7 /* Interactor */,
				3E66E09C26D69036009C22A7 /* Router */,
			);
			path = CoverlayCameraContainter;
			sourceTree = "<group>";
		};
		3E66E08F26D69036009C22A7 /* Assembly */ = {
			isa = PBXGroup;
			children = (
				3E66E09026D69036009C22A7 /* CoverlayCameraContainerModuleAssembly.swift */,
			);
			path = Assembly;
			sourceTree = "<group>";
		};
		3E66E09126D69036009C22A7 /* Presenter */ = {
			isa = PBXGroup;
			children = (
				3E66E09226D69036009C22A7 /* CoverlayCameraContainerModuleInput.swift */,
				3E66E09326D69036009C22A7 /* CoverlayCameraContainerPresenter.swift */,
			);
			path = Presenter;
			sourceTree = "<group>";
		};
		3E66E09426D69036009C22A7 /* View */ = {
			isa = PBXGroup;
			children = (
				3E66E09526D69036009C22A7 /* CoverlayCameraContainerViewOutput.swift */,
				3E66E09626D69036009C22A7 /* CoverlayCameraContainerViewController.swift */,
				3E66E09726D69036009C22A7 /* CoverlayCameraContainerViewInput.swift */,
			);
			path = View;
			sourceTree = "<group>";
		};
		3E66E09826D69036009C22A7 /* Interactor */ = {
			isa = PBXGroup;
			children = (
				3E66E09926D69036009C22A7 /* CoverlayCameraContainerInteractor.swift */,
				3E66E09A26D69036009C22A7 /* CoverlayCameraContainerInteractorOutput.swift */,
				3E66E09B26D69036009C22A7 /* CoverlayCameraContainerInteractorInput.swift */,
			);
			path = Interactor;
			sourceTree = "<group>";
		};
		3E66E09C26D69036009C22A7 /* Router */ = {
			isa = PBXGroup;
			children = (
				3E66E09D26D69036009C22A7 /* CoverlayCameraContainerRouterImplementation.swift */,
				3E66E09E26D69036009C22A7 /* CoverlayCameraContainerRouter.swift */,
			);
			path = Router;
			sourceTree = "<group>";
		};
		3E780AE826B4221000F31D17 /* CoverlayMainScreen */ = {
			isa = PBXGroup;
			children = (
				3E780AE926B4221F00F31D17 /* Assembly */,
				3E780AED26B4223B00F31D17 /* View */,
				3E780AEC26B4223500F31D17 /* Presenter */,
				3E780AEB26B4222E00F31D17 /* Interactor */,
				3E780AEA26B4222700F31D17 /* Router */,
			);
			path = CoverlayMainScreen;
			sourceTree = "<group>";
		};
		3E780AE926B4221F00F31D17 /* Assembly */ = {
			isa = PBXGroup;
			children = (
				3E780AEE26B4225A00F31D17 /* MainScreenModuleAssembly.swift */,
			);
			path = Assembly;
			sourceTree = "<group>";
		};
		3E780AEA26B4222700F31D17 /* Router */ = {
			isa = PBXGroup;
			children = (
				3E780AFE26B422AD00F31D17 /* MainScreenRouter.swift */,
				3E780B0026B422B700F31D17 /* MainScreenRouterImplementation.swift */,
			);
			path = Router;
			sourceTree = "<group>";
		};
		3E780AEB26B4222E00F31D17 /* Interactor */ = {
			isa = PBXGroup;
			children = (
				3E780AF826B4228C00F31D17 /* MainScreenInteractor.swift */,
				3E780AFA26B4229500F31D17 /* MainScreenInteractorInput.swift */,
				3E780AFC26B4229E00F31D17 /* MainScreenInteractorOutput.swift */,
			);
			path = Interactor;
			sourceTree = "<group>";
		};
		3E780AEC26B4223500F31D17 /* Presenter */ = {
			isa = PBXGroup;
			children = (
				3E780AF626B4228300F31D17 /* MainScreenPresenter.swift */,
			);
			path = Presenter;
			sourceTree = "<group>";
		};
		3E780AED26B4223B00F31D17 /* View */ = {
			isa = PBXGroup;
			children = (
				3E780AF026B4226600F31D17 /* MainScreenViewController.swift */,
				3E780AF226B4226D00F31D17 /* MainScreenViewInput.swift */,
				3E780AF426B4227700F31D17 /* MainScreenViewOutput.swift */,
			);
			path = View;
			sourceTree = "<group>";
		};
		3E780B0626B4516800F31D17 /* Extensions */ = {
			isa = PBXGroup;
			children = (
				3E780B0726B4517B00F31D17 /* ColorExtension.swift */,
				3E6EAD1A26D9541000DB587B /* ImageExtension.swift */,
				3E6EAD1C26D95E1E00DB587B /* UIViewExtension.swift */,
				3E6EAD1E26D95E5800DB587B /* NSObjectExtension.swift */,
				3E542C202722FC7A0000D137 /* FontExtension.swift */,
			);
			path = Extensions;
			sourceTree = "<group>";
		};
		3E780B0926B453F500F31D17 /* Classes */ = {
			isa = PBXGroup;
			children = (
				3E780B0A26B4540100F31D17 /* NeumorphicCircleButton.swift */,
				3E66E0AA26D69267009C22A7 /* ContainerViewEmbedSegue.swift */,
			);
			path = Classes;
			sourceTree = "<group>";
		};
		3EA8D7CB26AB203600AD50FF = {
			isa = PBXGroup;
			children = (
				3EA8D7D626AB203600AD50FF /* Coverlay */,
				3EA8D7D526AB203600AD50FF /* Products */,
				56BF23B43142B1E86B8A66C1 /* Pods */,
				6317680E3882DA36B7FD8F8E /* Frameworks */,
			);
			sourceTree = "<group>";
		};
		3EA8D7D526AB203600AD50FF /* Products */ = {
			isa = PBXGroup;
			children = (
				3EA8D7D426AB203600AD50FF /* Coverlay.app */,
			);
			name = Products;
			sourceTree = "<group>";
		};
		3EA8D7D626AB203600AD50FF /* Coverlay */ = {
			isa = PBXGroup;
			children = (
				3EA8D7EC26AB206D00AD50FF /* Common */,
				3EA8D7EE26AB20E000AD50FF /* PresentationLayer */,
				3EA8D7ED26AB208100AD50FF /* Resources */,
			);
			path = Coverlay;
			sourceTree = "<group>";
		};
		3EA8D7EC26AB206D00AD50FF /* Common */ = {
			isa = PBXGroup;
			children = (
				3E780B0926B453F500F31D17 /* Classes */,
				3E780B0626B4516800F31D17 /* Extensions */,
				3EA8D7D726AB203600AD50FF /* AppDelegate.swift */,
				3EA8D7D926AB203600AD50FF /* SceneDelegate.swift */,
				3EA8D7E226AB204000AD50FF /* LaunchScreen.storyboard */,
			);
			path = Common;
			sourceTree = "<group>";
		};
		3EA8D7ED26AB208100AD50FF /* Resources */ = {
			isa = PBXGroup;
			children = (
				3E542C1F2722FB950000D137 /* Carattere-Regular.ttf */,
				3EA8D7E026AB204000AD50FF /* Assets.xcassets */,
			);
			path = Resources;
			sourceTree = "<group>";
		};
		3EA8D7EE26AB20E000AD50FF /* PresentationLayer */ = {
			isa = PBXGroup;
			children = (
				3EA8D7EF26AB20FE00AD50FF /* Screens */,
			);
			path = PresentationLayer;
			sourceTree = "<group>";
		};
		3EA8D7EF26AB20FE00AD50FF /* Screens */ = {
			isa = PBXGroup;
			children = (
				3E780AE826B4221000F31D17 /* CoverlayMainScreen */,
				3E66E08E26D69036009C22A7 /* CoverlayCameraContainter */,
				3EA8D7F126AB224000AD50FF /* Storyboard */,
			);
			path = Screens;
			sourceTree = "<group>";
		};
		3EA8D7F126AB224000AD50FF /* Storyboard */ = {
			isa = PBXGroup;
			children = (
				3EA8D7DD26AB203600AD50FF /* CoverlayCamera.storyboard */,
				3E780B0226B430A600F31D17 /* MainModuleStoryboardConstants.swift */,
			);
			path = Storyboard;
			sourceTree = "<group>";
		};
		56BF23B43142B1E86B8A66C1 /* Pods */ = {
			isa = PBXGroup;
			children = (
				5EE3D04F99E7D5046A9BD4EA /* Pods-Coverlay.debug.xcconfig */,
				A22A36249540FE738775BC91 /* Pods-Coverlay.release.xcconfig */,
			);
			path = Pods;
			sourceTree = "<group>";
		};
		6317680E3882DA36B7FD8F8E /* Frameworks */ = {
			isa = PBXGroup;
			children = (
				572F1F2E55C62D3F6F0DCBEB /* Pods_Coverlay.framework */,
			);
			name = Frameworks;
			sourceTree = "<group>";
		};
/* End PBXGroup section */

/* Begin PBXNativeTarget section */
		3EA8D7D326AB203600AD50FF /* Coverlay */ = {
			isa = PBXNativeTarget;
			buildConfigurationList = 3EA8D7E826AB204000AD50FF /* Build configuration list for PBXNativeTarget "Coverlay" */;
			buildPhases = (
				4117EF6C00048D019A88BF79 /* [CP] Check Pods Manifest.lock */,
				3EA8D7D026AB203600AD50FF /* Sources */,
				3EA8D7D126AB203600AD50FF /* Frameworks */,
				3EA8D7D226AB203600AD50FF /* Resources */,
				AB6702A7B07CC4B470734EC9 /* [CP] Embed Pods Frameworks */,
			);
			buildRules = (
			);
			dependencies = (
			);
			name = Coverlay;
			productName = Coverlay;
			productReference = 3EA8D7D426AB203600AD50FF /* Coverlay.app */;
			productType = "com.apple.product-type.application";
		};
/* End PBXNativeTarget section */

/* Begin PBXProject section */
		3EA8D7CC26AB203600AD50FF /* Project object */ = {
			isa = PBXProject;
			attributes = {
				LastSwiftUpdateCheck = 1240;
				LastUpgradeCheck = 1240;
				TargetAttributes = {
					3EA8D7D326AB203600AD50FF = {
						CreatedOnToolsVersion = 12.4;
					};
				};
			};
			buildConfigurationList = 3EA8D7CF26AB203600AD50FF /* Build configuration list for PBXProject "Coverlay" */;
			compatibilityVersion = "Xcode 9.3";
			developmentRegion = en;
			hasScannedForEncodings = 0;
			knownRegions = (
				en,
				Base,
			);
			mainGroup = 3EA8D7CB26AB203600AD50FF;
			productRefGroup = 3EA8D7D526AB203600AD50FF /* Products */;
			projectDirPath = "";
			projectRoot = "";
			targets = (
				3EA8D7D326AB203600AD50FF /* Coverlay */,
			);
		};
/* End PBXProject section */

/* Begin PBXResourcesBuildPhase section */
		3EA8D7D226AB203600AD50FF /* Resources */ = {
			isa = PBXResourcesBuildPhase;
			buildActionMask = 2147483647;
			files = (
				3EA8D7E426AB204000AD50FF /* LaunchScreen.storyboard in Resources */,
				3EA8D7E126AB204000AD50FF /* Assets.xcassets in Resources */,
				3EA8D7DF26AB203600AD50FF /* CoverlayCamera.storyboard in Resources */,
				3E542C222722FEDB0000D137 /* Carattere-Regular.ttf in Resources */,
			);
			runOnlyForDeploymentPostprocessing = 0;
		};
/* End PBXResourcesBuildPhase section */

/* Begin PBXShellScriptBuildPhase section */
		4117EF6C00048D019A88BF79 /* [CP] Check Pods Manifest.lock */ = {
			isa = PBXShellScriptBuildPhase;
			buildActionMask = 2147483647;
			files = (
			);
			inputFileListPaths = (
			);
			inputPaths = (
				"${PODS_PODFILE_DIR_PATH}/Podfile.lock",
				"${PODS_ROOT}/Manifest.lock",
			);
			name = "[CP] Check Pods Manifest.lock";
			outputFileListPaths = (
			);
			outputPaths = (
				"$(DERIVED_FILE_DIR)/Pods-Coverlay-checkManifestLockResult.txt",
			);
			runOnlyForDeploymentPostprocessing = 0;
			shellPath = /bin/sh;
			shellScript = "diff \"${PODS_PODFILE_DIR_PATH}/Podfile.lock\" \"${PODS_ROOT}/Manifest.lock\" > /dev/null\nif [ $? != 0 ] ; then\n    # print error to STDERR\n    echo \"error: The sandbox is not in sync with the Podfile.lock. Run 'pod install' or update your CocoaPods installation.\" >&2\n    exit 1\nfi\n# This output is used by Xcode 'outputs' to avoid re-running this script phase.\necho \"SUCCESS\" > \"${SCRIPT_OUTPUT_FILE_0}\"\n";
			showEnvVarsInLog = 0;
		};
		AB6702A7B07CC4B470734EC9 /* [CP] Embed Pods Frameworks */ = {
			isa = PBXShellScriptBuildPhase;
			buildActionMask = 2147483647;
			files = (
			);
			inputFileListPaths = (
				"${PODS_ROOT}/Target Support Files/Pods-Coverlay/Pods-Coverlay-frameworks-${CONFIGURATION}-input-files.xcfilelist",
			);
			name = "[CP] Embed Pods Frameworks";
			outputFileListPaths = (
				"${PODS_ROOT}/Target Support Files/Pods-Coverlay/Pods-Coverlay-frameworks-${CONFIGURATION}-output-files.xcfilelist",
			);
			runOnlyForDeploymentPostprocessing = 0;
			shellPath = /bin/sh;
			shellScript = "\"${PODS_ROOT}/Target Support Files/Pods-Coverlay/Pods-Coverlay-frameworks.sh\"\n";
			showEnvVarsInLog = 0;
		};
/* End PBXShellScriptBuildPhase section */

/* Begin PBXSourcesBuildPhase section */
		3EA8D7D026AB203600AD50FF /* Sources */ = {
			isa = PBXSourcesBuildPhase;
			buildActionMask = 2147483647;
			files = (
				3E780AFF26B422AD00F31D17 /* MainScreenRouter.swift in Sources */,
				3E6EAD1F26D95E5800DB587B /* NSObjectExtension.swift in Sources */,
				3E66E0A626D69036009C22A7 /* CoverlayCameraContainerInteractorOutput.swift in Sources */,
				3E780AF326B4226D00F31D17 /* MainScreenViewInput.swift in Sources */,
				3E6EAD1B26D9541100DB587B /* ImageExtension.swift in Sources */,
				3E780B0826B4517B00F31D17 /* ColorExtension.swift in Sources */,
				3E66E0A326D69036009C22A7 /* CoverlayCameraContainerViewController.swift in Sources */,
				3E66E0A926D69036009C22A7 /* CoverlayCameraContainerRouter.swift in Sources */,
				3E780B0326B430A600F31D17 /* MainModuleStoryboardConstants.swift in Sources */,
				3E542C212722FC7A0000D137 /* FontExtension.swift in Sources */,
				3E66E0A226D69036009C22A7 /* CoverlayCameraContainerViewOutput.swift in Sources */,
				3E780AF526B4227700F31D17 /* MainScreenViewOutput.swift in Sources */,
				3E66E0A726D69036009C22A7 /* CoverlayCameraContainerInteractorInput.swift in Sources */,
				3E780B0B26B4540100F31D17 /* NeumorphicCircleButton.swift in Sources */,
				3E780AFD26B4229E00F31D17 /* MainScreenInteractorOutput.swift in Sources */,
				3E66E0AB26D69267009C22A7 /* ContainerViewEmbedSegue.swift in Sources */,
				3E780B0126B422B700F31D17 /* MainScreenRouterImplementation.swift in Sources */,
				3E66E0A426D69036009C22A7 /* CoverlayCameraContainerViewInput.swift in Sources */,
				3E66E09F26D69036009C22A7 /* CoverlayCameraContainerModuleAssembly.swift in Sources */,
				3EA8D7D826AB203600AD50FF /* AppDelegate.swift in Sources */,
				3E780AF126B4226600F31D17 /* MainScreenViewController.swift in Sources */,
				3E780AFB26B4229500F31D17 /* MainScreenInteractorInput.swift in Sources */,
				3E66E0A526D69036009C22A7 /* CoverlayCameraContainerInteractor.swift in Sources */,
				3E66E0A026D69036009C22A7 /* CoverlayCameraContainerModuleInput.swift in Sources */,
				3E780AF726B4228300F31D17 /* MainScreenPresenter.swift in Sources */,
				3E780AEF26B4225A00F31D17 /* MainScreenModuleAssembly.swift in Sources */,
				3E6EAD1D26D95E1E00DB587B /* UIViewExtension.swift in Sources */,
				3EA8D7DA26AB203600AD50FF /* SceneDelegate.swift in Sources */,
				3E66E0A826D69036009C22A7 /* CoverlayCameraContainerRouterImplementation.swift in Sources */,
				3E780AF926B4228C00F31D17 /* MainScreenInteractor.swift in Sources */,
				3E66E0A126D69036009C22A7 /* CoverlayCameraContainerPresenter.swift in Sources */,
			);
			runOnlyForDeploymentPostprocessing = 0;
		};
/* End PBXSourcesBuildPhase section */

/* Begin PBXVariantGroup section */
		3EA8D7DD26AB203600AD50FF /* CoverlayCamera.storyboard */ = {
			isa = PBXVariantGroup;
			children = (
				3EA8D7DE26AB203600AD50FF /* Base */,
			);
			name = CoverlayCamera.storyboard;
			sourceTree = "<group>";
		};
		3EA8D7E226AB204000AD50FF /* LaunchScreen.storyboard */ = {
			isa = PBXVariantGroup;
			children = (
				3EA8D7E326AB204000AD50FF /* Base */,
			);
			name = LaunchScreen.storyboard;
			sourceTree = "<group>";
		};
/* End PBXVariantGroup section */

/* Begin XCBuildConfiguration section */
		3EA8D7E626AB204000AD50FF /* Debug */ = {
			isa = XCBuildConfiguration;
			buildSettings = {
				ALWAYS_SEARCH_USER_PATHS = NO;
				CLANG_ANALYZER_NONNULL = YES;
				CLANG_ANALYZER_NUMBER_OBJECT_CONVERSION = YES_AGGRESSIVE;
				CLANG_CXX_LANGUAGE_STANDARD = "gnu++14";
				CLANG_CXX_LIBRARY = "libc++";
				CLANG_ENABLE_MODULES = YES;
				CLANG_ENABLE_OBJC_ARC = YES;
				CLANG_ENABLE_OBJC_WEAK = YES;
				CLANG_WARN_BLOCK_CAPTURE_AUTORELEASING = YES;
				CLANG_WARN_BOOL_CONVERSION = YES;
				CLANG_WARN_COMMA = YES;
				CLANG_WARN_CONSTANT_CONVERSION = YES;
				CLANG_WARN_DEPRECATED_OBJC_IMPLEMENTATIONS = YES;
				CLANG_WARN_DIRECT_OBJC_ISA_USAGE = YES_ERROR;
				CLANG_WARN_DOCUMENTATION_COMMENTS = YES;
				CLANG_WARN_EMPTY_BODY = YES;
				CLANG_WARN_ENUM_CONVERSION = YES;
				CLANG_WARN_INFINITE_RECURSION = YES;
				CLANG_WARN_INT_CONVERSION = YES;
				CLANG_WARN_NON_LITERAL_NULL_CONVERSION = YES;
				CLANG_WARN_OBJC_IMPLICIT_RETAIN_SELF = YES;
				CLANG_WARN_OBJC_LITERAL_CONVERSION = YES;
				CLANG_WARN_OBJC_ROOT_CLASS = YES_ERROR;
				CLANG_WARN_QUOTED_INCLUDE_IN_FRAMEWORK_HEADER = YES;
				CLANG_WARN_RANGE_LOOP_ANALYSIS = YES;
				CLANG_WARN_STRICT_PROTOTYPES = YES;
				CLANG_WARN_SUSPICIOUS_MOVE = YES;
				CLANG_WARN_UNGUARDED_AVAILABILITY = YES_AGGRESSIVE;
				CLANG_WARN_UNREACHABLE_CODE = YES;
				CLANG_WARN__DUPLICATE_METHOD_MATCH = YES;
				COPY_PHASE_STRIP = NO;
				DEBUG_INFORMATION_FORMAT = dwarf;
				ENABLE_STRICT_OBJC_MSGSEND = YES;
				ENABLE_TESTABILITY = YES;
				GCC_C_LANGUAGE_STANDARD = gnu11;
				GCC_DYNAMIC_NO_PIC = NO;
				GCC_NO_COMMON_BLOCKS = YES;
				GCC_OPTIMIZATION_LEVEL = 0;
				GCC_PREPROCESSOR_DEFINITIONS = (
					"DEBUG=1",
					"$(inherited)",
				);
				GCC_WARN_64_TO_32_BIT_CONVERSION = YES;
				GCC_WARN_ABOUT_RETURN_TYPE = YES_ERROR;
				GCC_WARN_UNDECLARED_SELECTOR = YES;
				GCC_WARN_UNINITIALIZED_AUTOS = YES_AGGRESSIVE;
				GCC_WARN_UNUSED_FUNCTION = YES;
				GCC_WARN_UNUSED_VARIABLE = YES;
				IPHONEOS_DEPLOYMENT_TARGET = 14.4;
				MTL_ENABLE_DEBUG_INFO = INCLUDE_SOURCE;
				MTL_FAST_MATH = YES;
				ONLY_ACTIVE_ARCH = YES;
				SDKROOT = iphoneos;
				SWIFT_ACTIVE_COMPILATION_CONDITIONS = DEBUG;
				SWIFT_OPTIMIZATION_LEVEL = "-Onone";
			};
			name = Debug;
		};
		3EA8D7E726AB204000AD50FF /* Release */ = {
			isa = XCBuildConfiguration;
			buildSettings = {
				ALWAYS_SEARCH_USER_PATHS = NO;
				CLANG_ANALYZER_NONNULL = YES;
				CLANG_ANALYZER_NUMBER_OBJECT_CONVERSION = YES_AGGRESSIVE;
				CLANG_CXX_LANGUAGE_STANDARD = "gnu++14";
				CLANG_CXX_LIBRARY = "libc++";
				CLANG_ENABLE_MODULES = YES;
				CLANG_ENABLE_OBJC_ARC = YES;
				CLANG_ENABLE_OBJC_WEAK = YES;
				CLANG_WARN_BLOCK_CAPTURE_AUTORELEASING = YES;
				CLANG_WARN_BOOL_CONVERSION = YES;
				CLANG_WARN_COMMA = YES;
				CLANG_WARN_CONSTANT_CONVERSION = YES;
				CLANG_WARN_DEPRECATED_OBJC_IMPLEMENTATIONS = YES;
				CLANG_WARN_DIRECT_OBJC_ISA_USAGE = YES_ERROR;
				CLANG_WARN_DOCUMENTATION_COMMENTS = YES;
				CLANG_WARN_EMPTY_BODY = YES;
				CLANG_WARN_ENUM_CONVERSION = YES;
				CLANG_WARN_INFINITE_RECURSION = YES;
				CLANG_WARN_INT_CONVERSION = YES;
				CLANG_WARN_NON_LITERAL_NULL_CONVERSION = YES;
				CLANG_WARN_OBJC_IMPLICIT_RETAIN_SELF = YES;
				CLANG_WARN_OBJC_LITERAL_CONVERSION = YES;
				CLANG_WARN_OBJC_ROOT_CLASS = YES_ERROR;
				CLANG_WARN_QUOTED_INCLUDE_IN_FRAMEWORK_HEADER = YES;
				CLANG_WARN_RANGE_LOOP_ANALYSIS = YES;
				CLANG_WARN_STRICT_PROTOTYPES = YES;
				CLANG_WARN_SUSPICIOUS_MOVE = YES;
				CLANG_WARN_UNGUARDED_AVAILABILITY = YES_AGGRESSIVE;
				CLANG_WARN_UNREACHABLE_CODE = YES;
				CLANG_WARN__DUPLICATE_METHOD_MATCH = YES;
				COPY_PHASE_STRIP = NO;
				DEBUG_INFORMATION_FORMAT = "dwarf-with-dsym";
				ENABLE_NS_ASSERTIONS = NO;
				ENABLE_STRICT_OBJC_MSGSEND = YES;
				GCC_C_LANGUAGE_STANDARD = gnu11;
				GCC_NO_COMMON_BLOCKS = YES;
				GCC_WARN_64_TO_32_BIT_CONVERSION = YES;
				GCC_WARN_ABOUT_RETURN_TYPE = YES_ERROR;
				GCC_WARN_UNDECLARED_SELECTOR = YES;
				GCC_WARN_UNINITIALIZED_AUTOS = YES_AGGRESSIVE;
				GCC_WARN_UNUSED_FUNCTION = YES;
				GCC_WARN_UNUSED_VARIABLE = YES;
				IPHONEOS_DEPLOYMENT_TARGET = 14.4;
				MTL_ENABLE_DEBUG_INFO = NO;
				MTL_FAST_MATH = YES;
				SDKROOT = iphoneos;
				SWIFT_COMPILATION_MODE = wholemodule;
				SWIFT_OPTIMIZATION_LEVEL = "-O";
				VALIDATE_PRODUCT = YES;
			};
			name = Release;
		};
		3EA8D7E926AB204000AD50FF /* Debug */ = {
			isa = XCBuildConfiguration;
			baseConfigurationReference = 5EE3D04F99E7D5046A9BD4EA /* Pods-Coverlay.debug.xcconfig */;
			buildSettings = {
				ASSETCATALOG_COMPILER_APPICON_NAME = AppIcon;
				ASSETCATALOG_COMPILER_GLOBAL_ACCENT_COLOR_NAME = AccentColor;
				CODE_SIGN_STYLE = Automatic;
				DEVELOPMENT_TEAM = 5NJXVW7YT7;
				INFOPLIST_FILE = Coverlay/Info.plist;
				LD_RUNPATH_SEARCH_PATHS = (
					"$(inherited)",
					"@executable_path/Frameworks",
				);
				PRODUCT_BUNDLE_IDENTIFIER = com.feyfolken.Coverlay;
				PRODUCT_NAME = "$(TARGET_NAME)";
				SWIFT_VERSION = 5.0;
				TARGETED_DEVICE_FAMILY = "1,2";
			};
			name = Debug;
		};
		3EA8D7EA26AB204000AD50FF /* Release */ = {
			isa = XCBuildConfiguration;
			baseConfigurationReference = A22A36249540FE738775BC91 /* Pods-Coverlay.release.xcconfig */;
			buildSettings = {
				ASSETCATALOG_COMPILER_APPICON_NAME = AppIcon;
				ASSETCATALOG_COMPILER_GLOBAL_ACCENT_COLOR_NAME = AccentColor;
				CODE_SIGN_STYLE = Automatic;
				DEVELOPMENT_TEAM = 5NJXVW7YT7;
				INFOPLIST_FILE = Coverlay/Info.plist;
				LD_RUNPATH_SEARCH_PATHS = (
					"$(inherited)",
					"@executable_path/Frameworks",
				);
				PRODUCT_BUNDLE_IDENTIFIER = com.feyfolken.Coverlay;
				PRODUCT_NAME = "$(TARGET_NAME)";
				SWIFT_VERSION = 5.0;
				TARGETED_DEVICE_FAMILY = "1,2";
			};
			name = Release;
		};
/* End XCBuildConfiguration section */

/* Begin XCConfigurationList section */
		3EA8D7CF26AB203600AD50FF /* Build configuration list for PBXProject "Coverlay" */ = {
			isa = XCConfigurationList;
			buildConfigurations = (
				3EA8D7E626AB204000AD50FF /* Debug */,
				3EA8D7E726AB204000AD50FF /* Release */,
			);
			defaultConfigurationIsVisible = 0;
			defaultConfigurationName = Release;
		};
		3EA8D7E826AB204000AD50FF /* Build configuration list for PBXNativeTarget "Coverlay" */ = {
			isa = XCConfigurationList;
			buildConfigurations = (
				3EA8D7E926AB204000AD50FF /* Debug */,
				3EA8D7EA26AB204000AD50FF /* Release */,
			);
			defaultConfigurationIsVisible = 0;
			defaultConfigurationName = Release;
		};
/* End XCConfigurationList section */
	};
	rootObject = 3EA8D7CC26AB203600AD50FF /* Project object */;
}
